
Microsoft Visual Studio Solution File, Format Version 12.00
# Visual Studio Version 16
VisualStudioVersion = 16.0.30002.166
MinimumVisualStudioVersion = 10.0.40219.1
Project("{9A19103F-16F7-4668-BE54-9A1E7A4F7556}") = "whenshouldweuseanabstractclass", "whenshouldweuseanabstractclass\whenshouldweuseanabstractclass.csproj", "{E720882C-CB93-427C-A725-603F64722B79}"
EndProject
Project("{FAE04EC0-301F-11D3-BF4B-00C04F79EFBC}") = "StrategyPattern", "StrategyPattern\StrategyPattern.csproj", "{15C6F7C5-91AB-45FF-8CF0-1994F0083124}"
EndProject
Project("{9A19103F-16F7-4668-BE54-9A1E7A4F7556}") = "SingletonDesignPattern", "SingletonDesignPattern\SingletonDesignPattern.csproj", "{B5179DBE-A44A-440B-AEAF-27BFB23AD260}"
EndProject
Project("{9A19103F-16F7-4668-BE54-9A1E7A4F7556}") = "oopsInterface", "oopsInterface\oopsInterface.csproj", "{B0C2254D-CA74-4089-B0B5-5F13F99C6693}"
EndProject
Project("{9A19103F-16F7-4668-BE54-9A1E7A4F7556}") = "SolidDesignPrinciple", "SolidDesignPrinciple\SolidDesignPrinciple.csproj", "{0E9F901F-8E14-473D-91CD-82F101A2ABC0}"
EndProject
Project("{FAE04EC0-301F-11D3-BF4B-00C04F79EFBC}") = "ObjectOnDemand_LazyInitialization", "ObjectOnDemand\ObjectOnDemand_LazyInitialization.csproj", "{19EB08CE-E72A-41E8-AAAC-F5096C1FF6F1}"
EndProject
Project("{FAE04EC0-301F-11D3-BF4B-00C04F79EFBC}") = "ObjectOnDemand_VirtualProxy", "ObjectOnDemand_VirtualProxy\ObjectOnDemand_VirtualProxy.csproj", "{AC1581BC-AE3D-45E9-9AFB-7785C21C6693}"
EndProject
Project("{FAE04EC0-301F-11D3-BF4B-00C04F79EFBC}") = "StudentDb", "StudentDb\StudentDb.csproj", "{8DF529A4-BBF1-485B-A37C-5C3A741C7D20}"
EndProject
Global
	GlobalSection(SolutionConfigurationPlatforms) = preSolution
		Debug|Any CPU = Debug|Any CPU
		Release|Any CPU = Release|Any CPU
	EndGlobalSection
	GlobalSection(ProjectConfigurationPlatforms) = postSolution
		{E720882C-CB93-427C-A725-603F64722B79}.Debug|Any CPU.ActiveCfg = Debug|Any CPU
		{E720882C-CB93-427C-A725-603F64722B79}.Debug|Any CPU.Build.0 = Debug|Any CPU
		{E720882C-CB93-427C-A725-603F64722B79}.Release|Any CPU.ActiveCfg = Release|Any CPU
		{E720882C-CB93-427C-A725-603F64722B79}.Release|Any CPU.Build.0 = Release|Any CPU
		{15C6F7C5-91AB-45FF-8CF0-1994F0083124}.Debug|Any CPU.ActiveCfg = Debug|Any CPU
		{15C6F7C5-91AB-45FF-8CF0-1994F0083124}.Debug|Any CPU.Build.0 = Debug|Any CPU
		{15C6F7C5-91AB-45FF-8CF0-1994F0083124}.Release|Any CPU.ActiveCfg = Release|Any CPU
		{15C6F7C5-91AB-45FF-8CF0-1994F0083124}.Release|Any CPU.Build.0 = Release|Any CPU
		{B5179DBE-A44A-440B-AEAF-27BFB23AD260}.Debug|Any CPU.ActiveCfg = Debug|Any CPU
		{B5179DBE-A44A-440B-AEAF-27BFB23AD260}.Debug|Any CPU.Build.0 = Debug|Any CPU
		{B5179DBE-A44A-440B-AEAF-27BFB23AD260}.Release|Any CPU.ActiveCfg = Release|Any CPU
		{B5179DBE-A44A-440B-AEAF-27BFB23AD260}.Release|Any CPU.Build.0 = Release|Any CPU
		{B0C2254D-CA74-4089-B0B5-5F13F99C6693}.Debug|Any CPU.ActiveCfg = Debug|Any CPU
		{B0C2254D-CA74-4089-B0B5-5F13F99C6693}.Debug|Any CPU.Build.0 = Debug|Any CPU
		{B0C2254D-CA74-4089-B0B5-5F13F99C6693}.Release|Any CPU.ActiveCfg = Release|Any CPU
		{B0C2254D-CA74-4089-B0B5-5F13F99C6693}.Release|Any CPU.Build.0 = Release|Any CPU
		{0E9F901F-8E14-473D-91CD-82F101A2ABC0}.Debug|Any CPU.ActiveCfg = Debug|Any CPU
		{0E9F901F-8E14-473D-91CD-82F101A2ABC0}.Debug|Any CPU.Build.0 = Debug|Any CPU
		{0E9F901F-8E14-473D-91CD-82F101A2ABC0}.Release|Any CPU.ActiveCfg = Release|Any CPU
		{0E9F901F-8E14-473D-91CD-82F101A2ABC0}.Release|Any CPU.Build.0 = Release|Any CPU
		{19EB08CE-E72A-41E8-AAAC-F5096C1FF6F1}.Debug|Any CPU.ActiveCfg = Debug|Any CPU
		{19EB08CE-E72A-41E8-AAAC-F5096C1FF6F1}.Debug|Any CPU.Build.0 = Debug|Any CPU
		{19EB08CE-E72A-41E8-AAAC-F5096C1FF6F1}.Release|Any CPU.ActiveCfg = Release|Any CPU
		{19EB08CE-E72A-41E8-AAAC-F5096C1FF6F1}.Release|Any CPU.Build.0 = Release|Any CPU
		{AC1581BC-AE3D-45E9-9AFB-7785C21C6693}.Debug|Any CPU.ActiveCfg = Debug|Any CPU
		{AC1581BC-AE3D-45E9-9AFB-7785C21C6693}.Debug|Any CPU.Build.0 = Debug|Any CPU
		{AC1581BC-AE3D-45E9-9AFB-7785C21C6693}.Release|Any CPU.ActiveCfg = Release|Any CPU
		{AC1581BC-AE3D-45E9-9AFB-7785C21C6693}.Release|Any CPU.Build.0 = Release|Any CPU
		{8DF529A4-BBF1-485B-A37C-5C3A741C7D20}.Debug|Any CPU.ActiveCfg = Debug|Any CPU
		{8DF529A4-BBF1-485B-A37C-5C3A741C7D20}.Debug|Any CPU.Build.0 = Debug|Any CPU
		{8DF529A4-BBF1-485B-A37C-5C3A741C7D20}.Release|Any CPU.ActiveCfg = Release|Any CPU
		{8DF529A4-BBF1-485B-A37C-5C3A741C7D20}.Release|Any CPU.Build.0 = Release|Any CPU
	EndGlobalSection
	GlobalSection(SolutionProperties) = preSolution
		HideSolutionNode = FALSE
	EndGlobalSection
	GlobalSection(ExtensibilityGlobals) = postSolution
		SolutionGuid = {6AB0E498-27B9-4CBB-9526-BC76C7001A7B}
	EndGlobalSection
EndGlobal
